{
  "markbot": "05faee39c901376758d184173e3ea4050d28c57ba9db6d95310086aadac0ef45",
  "css/main.css": "bec2a15c1e38c3086fefda9e3b6fdee1dabac43282d72dc0aa552a0946d7bf21",
  "css/type.css": "34cfdae01118ce4ac9edc1bbedaf2a79932000058c0fc8784e6a43dc04adac1d",
  "index-320.png": "960c661b6286f6d441e1442366f675e1b874a74bca95ae2f7017e4bd05ac269c",
  "index-400.png": "f81dbdfeb80cf2abcfae6a9b6d94ab90f1ecf3729b580f894253dba8f834d300",
  "index-608.png": "87437ea2451f697cfc0d40a83bec6efc360aad2fd4ee6d9e186d3aff42985cf5",
  "index-960.png": "fe181a871aeb1ea89ac8f64ec83b709870da85a3f34ed59a21a48b5b619ca605",
  "index-1440.png": "61962bbe4cca30a1d784571f46db7bb2b386e8c6cdb0994d92b91075a2622f57"
}